
Microsoft Visual Studio Solution File, Format Version 12.00
# Visual Studio Version 17
VisualStudioVersion = 17.4.33205.214
MinimumVisualStudioVersion = 10.0.40219.1
Project("{8BC9CEB8-8B4A-11D0-8D11-00A0C91BC942}") = "007", "007\007.vcxproj", "{8A4621DB-4FAF-4E4F-AE8E-4F72ADC5D422}"
EndProject
Global
	GlobalSection(SolutionConfigurationPlatforms) = preSolution
		Debug|x64 = Debug|x64
		Debug|x86 = Debug|x86
		Release|x64 = Release|x64
		Release|x86 = Release|x86
	EndGlobalSection
	GlobalSection(ProjectConfigurationPlatforms) = postSolution
		{8A4621DB-4FAF-4E4F-AE8E-4F72ADC5D422}.Debug|x64.ActiveCfg = Debug|x64
		{8A4621DB-4FAF-4E4F-AE8E-4F72ADC5D422}.Debug|x64.Build.0 = Debug|x64
		{8A4621DB-4FAF-4E4F-AE8E-4F72ADC5D422}.Debug|x86.ActiveCfg = Debug|Win32
		{8A4621DB-4FAF-4E4F-AE8E-4F72ADC5D422}.Debug|x86.Build.0 = Debug|Win32
		{8A4621DB-4FAF-4E4F-AE8E-4F72ADC5D422}.Release|x64.ActiveCfg = Release|x64
		{8A4621DB-4FAF-4E4F-AE8E-4F72ADC5D422}.Release|x64.Build.0 = Release|x64
		{8A4621DB-4FAF-4E4F-AE8E-4F72ADC5D422}.Release|x86.ActiveCfg = Release|Win32
		{8A4621DB-4FAF-4E4F-AE8E-4F72ADC5D422}.Release|x86.Build.0 = Release|Win32
	EndGlobalSection
	GlobalSection(SolutionProperties) = preSolution
		HideSolutionNode = FALSE
	EndGlobalSection
	GlobalSection(ExtensibilityGlobals) = postSolution
		SolutionGuid = {D7A6B940-881F-4722-B15A-8EF2511B49C8}
	EndGlobalSection
EndGlobal
